
Microsoft Visual Studio Solution File, Format Version 12.00
# Visual Studio 15
VisualStudioVersion = 15.0.27004.2002
MinimumVisualStudioVersion = 10.0.40219.1
Project("{9A19103F-16F7-4668-BE54-9A1E7A4F7556}") = "TcpClientTest", "TcpClient\TcpClientTest.csproj", "{1521EEB7-786B-4172-8A55-21535F484A59}"
EndProject
Project("{9A19103F-16F7-4668-BE54-9A1E7A4F7556}") = "CommonLib", "CommonLib\CommonLib.csproj", "{73A0C8C0-E8AD-4998-96DB-05F6CE9A05FC}"
EndProject
Global
	GlobalSection(SolutionConfigurationPlatforms) = preSolution
		Debug|Any CPU = Debug|Any CPU
		Release|Any CPU = Release|Any CPU
	EndGlobalSection
	GlobalSection(ProjectConfigurationPlatforms) = postSolution
		{1521EEB7-786B-4172-8A55-21535F484A59}.Debug|Any CPU.ActiveCfg = Debug|Any CPU
		{1521EEB7-786B-4172-8A55-21535F484A59}.Debug|Any CPU.Build.0 = Debug|Any CPU
		{1521EEB7-786B-4172-8A55-21535F484A59}.Release|Any CPU.ActiveCfg = Release|Any CPU
		{1521EEB7-786B-4172-8A55-21535F484A59}.Release|Any CPU.Build.0 = Release|Any CPU
		{73A0C8C0-E8AD-4998-96DB-05F6CE9A05FC}.Debug|Any CPU.ActiveCfg = Debug|Any CPU
		{73A0C8C0-E8AD-4998-96DB-05F6CE9A05FC}.Debug|Any CPU.Build.0 = Debug|Any CPU
		{73A0C8C0-E8AD-4998-96DB-05F6CE9A05FC}.Release|Any CPU.ActiveCfg = Release|Any CPU
		{73A0C8C0-E8AD-4998-96DB-05F6CE9A05FC}.Release|Any CPU.Build.0 = Release|Any CPU
	EndGlobalSection
	GlobalSection(SolutionProperties) = preSolution
		HideSolutionNode = FALSE
	EndGlobalSection
	GlobalSection(ExtensibilityGlobals) = postSolution
		SolutionGuid = {DB945DF4-D45C-4573-B5D2-21882168E09D}
	EndGlobalSection
EndGlobal
